// !$*UTF8*$!
{
	archiveVersion = 1;
	classes = {
	};
	objectVersion = 50;
	objects = {

/* Begin PBXBuildFile section */
		A13623AA2625753500C8B22D /* AppDelegate.swift in Sources */ = {isa = PBXBuildFile; fileRef = A13623A92625753500C8B22D /* AppDelegate.swift */; };
		A13623AC2625753500C8B22D /* SceneDelegate.swift in Sources */ = {isa = PBXBuildFile; fileRef = A13623AB2625753500C8B22D /* SceneDelegate.swift */; };
		A13623AE2625753500C8B22D /* ViewController.swift in Sources */ = {isa = PBXBuildFile; fileRef = A13623AD2625753500C8B22D /* ViewController.swift */; };
		A13623B12625753500C8B22D /* Main.storyboard in Resources */ = {isa = PBXBuildFile; fileRef = A13623AF2625753500C8B22D /* Main.storyboard */; };
		A13623B32625753900C8B22D /* Assets.xcassets in Resources */ = {isa = PBXBuildFile; fileRef = A13623B22625753900C8B22D /* Assets.xcassets */; };
		A13623B62625753900C8B22D /* LaunchScreen.storyboard in Resources */ = {isa = PBXBuildFile; fileRef = A13623B42625753900C8B22D /* LaunchScreen.storyboard */; };
		A13623C12625753900C8B22D /* HospitalMapTests.swift in Sources */ = {isa = PBXBuildFile; fileRef = A13623C02625753900C8B22D /* HospitalMapTests.swift */; };
		A13623CC2625753900C8B22D /* HospitalMapUITests.swift in Sources */ = {isa = PBXBuildFile; fileRef = A13623CB2625753900C8B22D /* HospitalMapUITests.swift */; };
		A13623DD262575FD00C8B22D /* HospitalTableViewController.swift in Sources */ = {isa = PBXBuildFile; fileRef = A13623DC262575FD00C8B22D /* HospitalTableViewController.swift */; };
		A13623E2262576EB00C8B22D /* MapViewController.swift in Sources */ = {isa = PBXBuildFile; fileRef = A13623E1262576EB00C8B22D /* MapViewController.swift */; };
		A13623E7262580A400C8B22D /* Hospital.swift in Sources */ = {isa = PBXBuildFile; fileRef = A13623E6262580A400C8B22D /* Hospital.swift */; };
		A1585A0E262C797B00504CAE /* DetailHospitalTableViewController.swift in Sources */ = {isa = PBXBuildFile; fileRef = A1585A0D262C797B00504CAE /* DetailHospitalTableViewController.swift */; };
/* End PBXBuildFile section */

/* Begin PBXContainerItemProxy section */
		A13623BD2625753900C8B22D /* PBXContainerItemProxy */ = {
			isa = PBXContainerItemProxy;
			containerPortal = A136239E2625753500C8B22D /* Project object */;
			proxyType = 1;
			remoteGlobalIDString = A13623A52625753500C8B22D;
			remoteInfo = HospitalMap;
		};
		A13623C82625753900C8B22D /* PBXContainerItemProxy */ = {
			isa = PBXContainerItemProxy;
			containerPortal = A136239E2625753500C8B22D /* Project object */;
			proxyType = 1;
			remoteGlobalIDString = A13623A52625753500C8B22D;
			remoteInfo = HospitalMap;
		};
/* End PBXContainerItemProxy section */

/* Begin PBXFileReference section */
		A13623A62625753500C8B22D /* HospitalMap.app */ = {isa = PBXFileReference; explicitFileType = wrapper.application; includeInIndex = 0; path = HospitalMap.app; sourceTree = BUILT_PRODUCTS_DIR; };
		A13623A92625753500C8B22D /* AppDelegate.swift */ = {isa = PBXFileReference; lastKnownFileType = sourcecode.swift; path = AppDelegate.swift; sourceTree = "<group>"; };
		A13623AB2625753500C8B22D /* SceneDelegate.swift */ = {isa = PBXFileReference; lastKnownFileType = sourcecode.swift; path = SceneDelegate.swift; sourceTree = "<group>"; };
		A13623AD2625753500C8B22D /* ViewController.swift */ = {isa = PBXFileReference; lastKnownFileType = sourcecode.swift; path = ViewController.swift; sourceTree = "<group>"; };
		A13623B02625753500C8B22D /* Base */ = {isa = PBXFileReference; lastKnownFileType = file.storyboard; name = Base; path = Base.lproj/Main.storyboard; sourceTree = "<group>"; };
		A13623B22625753900C8B22D /* Assets.xcassets */ = {isa = PBXFileReference; lastKnownFileType = folder.assetcatalog; path = Assets.xcassets; sourceTree = "<group>"; };
		A13623B52625753900C8B22D /* Base */ = {isa = PBXFileReference; lastKnownFileType = file.storyboard; name = Base; path = Base.lproj/LaunchScreen.storyboard; sourceTree = "<group>"; };
		A13623B72625753900C8B22D /* Info.plist */ = {isa = PBXFileReference; lastKnownFileType = text.plist.xml; path = Info.plist; sourceTree = "<group>"; };
		A13623BC2625753900C8B22D /* HospitalMapTests.xctest */ = {isa = PBXFileReference; explicitFileType = wrapper.cfbundle; includeInIndex = 0; path = HospitalMapTests.xctest; sourceTree = BUILT_PRODUCTS_DIR; };
		A13623C02625753900C8B22D /* HospitalMapTests.swift */ = {isa = PBXFileReference; lastKnownFileType = sourcecode.swift; path = HospitalMapTests.swift; sourceTree = "<group>"; };
		A13623C22625753900C8B22D /* Info.plist */ = {isa = PBXFileReference; lastKnownFileType = text.plist.xml; path = Info.plist; sourceTree = "<group>"; };
		A13623C72625753900C8B22D /* HospitalMapUITests.xctest */ = {isa = PBXFileReference; explicitFileType = wrapper.cfbundle; includeInIndex = 0; path = HospitalMapUITests.xctest; sourceTree = BUILT_PRODUCTS_DIR; };
		A13623CB2625753900C8B22D /* HospitalMapUITests.swift */ = {isa = PBXFileReference; lastKnownFileType = sourcecode.swift; path = HospitalMapUITests.swift; sourceTree = "<group>"; };
		A13623CD2625753900C8B22D /* Info.plist */ = {isa = PBXFileReference; lastKnownFileType = text.plist.xml; path = Info.plist; sourceTree = "<group>"; };
		A13623DC262575FD00C8B22D /* HospitalTableViewController.swift */ = {isa = PBXFileReference; lastKnownFileType = sourcecode.swift; path = HospitalTableViewController.swift; sourceTree = "<group>"; };
		A13623E1262576EB00C8B22D /* MapViewController.swift */ = {isa = PBXFileReference; lastKnownFileType = sourcecode.swift; path = MapViewController.swift; sourceTree = "<group>"; };
		A13623E6262580A400C8B22D /* Hospital.swift */ = {isa = PBXFileReference; lastKnownFileType = sourcecode.swift; path = Hospital.swift; sourceTree = "<group>"; };
		A1585A0D262C797B00504CAE /* DetailHospitalTableViewController.swift */ = {isa = PBXFileReference; lastKnownFileType = sourcecode.swift; path = DetailHospitalTableViewController.swift; sourceTree = "<group>"; };
/* End PBXFileReference section */

/* Begin PBXFrameworksBuildPhase section */
		A13623A32625753500C8B22D /* Frameworks */ = {
			isa = PBXFrameworksBuildPhase;
			buildActionMask = 2147483647;
			files = (
			);
			runOnlyForDeploymentPostprocessing = 0;
		};
		A13623B92625753900C8B22D /* Frameworks */ = {
			isa = PBXFrameworksBuildPhase;
			buildActionMask = 2147483647;
			files = (
			);
			runOnlyForDeploymentPostprocessing = 0;
		};
		A13623C42625753900C8B22D /* Frameworks */ = {
			isa = PBXFrameworksBuildPhase;
			buildActionMask = 2147483647;
			files = (
			);
			runOnlyForDeploymentPostprocessing = 0;
		};
/* End PBXFrameworksBuildPhase section */

/* Begin PBXGroup section */
		A136239D2625753500C8B22D = {
			isa = PBXGroup;
			children = (
				A13623A82625753500C8B22D /* HospitalMap */,
				A13623BF2625753900C8B22D /* HospitalMapTests */,
				A13623CA2625753900C8B22D /* HospitalMapUITests */,
				A13623A72625753500C8B22D /* Products */,
			);
			sourceTree = "<group>";
		};
		A13623A72625753500C8B22D /* Products */ = {
			isa = PBXGroup;
			children = (
				A13623A62625753500C8B22D /* HospitalMap.app */,
				A13623BC2625753900C8B22D /* HospitalMapTests.xctest */,
				A13623C72625753900C8B22D /* HospitalMapUITests.xctest */,
			);
			name = Products;
			sourceTree = "<group>";
		};
		A13623A82625753500C8B22D /* HospitalMap */ = {
			isa = PBXGroup;
			children = (
				A13623A92625753500C8B22D /* AppDelegate.swift */,
				A13623AB2625753500C8B22D /* SceneDelegate.swift */,
				A13623AD2625753500C8B22D /* ViewController.swift */,
				A13623AF2625753500C8B22D /* Main.storyboard */,
				A13623B22625753900C8B22D /* Assets.xcassets */,
				A13623B42625753900C8B22D /* LaunchScreen.storyboard */,
				A13623B72625753900C8B22D /* Info.plist */,
				A13623DC262575FD00C8B22D /* HospitalTableViewController.swift */,
				A13623E1262576EB00C8B22D /* MapViewController.swift */,
				A13623E6262580A400C8B22D /* Hospital.swift */,
				A1585A0D262C797B00504CAE /* DetailHospitalTableViewController.swift */,
			);
			path = HospitalMap;
			sourceTree = "<group>";
		};
		A13623BF2625753900C8B22D /* HospitalMapTests */ = {
			isa = PBXGroup;
			children = (
				A13623C02625753900C8B22D /* HospitalMapTests.swift */,
				A13623C22625753900C8B22D /* Info.plist */,
			);
			path = HospitalMapTests;
			sourceTree = "<group>";
		};
		A13623CA2625753900C8B22D /* HospitalMapUITests */ = {
			isa = PBXGroup;
			children = (
				A13623CB2625753900C8B22D /* HospitalMapUITests.swift */,
				A13623CD2625753900C8B22D /* Info.plist */,
			);
			path = HospitalMapUITests;
			sourceTree = "<group>";
		};
/* End PBXGroup section */

/* Begin PBXNativeTarget section */
		A13623A52625753500C8B22D /* HospitalMap */ = {
			isa = PBXNativeTarget;
			buildConfigurationList = A13623D02625753900C8B22D /* Build configuration list for PBXNativeTarget "HospitalMap" */;
			buildPhases = (
				A13623A22625753500C8B22D /* Sources */,
				A13623A32625753500C8B22D /* Frameworks */,
				A13623A42625753500C8B22D /* Resources */,
			);
			buildRules = (
			);
			dependencies = (
			);
			name = HospitalMap;
			productName = HospitalMap;
			productReference = A13623A62625753500C8B22D /* HospitalMap.app */;
			productType = "com.apple.product-type.application";
		};
		A13623BB2625753900C8B22D /* HospitalMapTests */ = {
			isa = PBXNativeTarget;
			buildConfigurationList = A13623D32625753900C8B22D /* Build configuration list for PBXNativeTarget "HospitalMapTests" */;
			buildPhases = (
				A13623B82625753900C8B22D /* Sources */,
				A13623B92625753900C8B22D /* Frameworks */,
				A13623BA2625753900C8B22D /* Resources */,
			);
			buildRules = (
			);
			dependencies = (
				A13623BE2625753900C8B22D /* PBXTargetDependency */,
			);
			name = HospitalMapTests;
			productName = HospitalMapTests;
			productReference = A13623BC2625753900C8B22D /* HospitalMapTests.xctest */;
			productType = "com.apple.product-type.bundle.unit-test";
		};
		A13623C62625753900C8B22D /* HospitalMapUITests */ = {
			isa = PBXNativeTarget;
			buildConfigurationList = A13623D62625753900C8B22D /* Build configuration list for PBXNativeTarget "HospitalMapUITests" */;
			buildPhases = (
				A13623C32625753900C8B22D /* Sources */,
				A13623C42625753900C8B22D /* Frameworks */,
				A13623C52625753900C8B22D /* Resources */,
			);
			buildRules = (
			);
			dependencies = (
				A13623C92625753900C8B22D /* PBXTargetDependency */,
			);
			name = HospitalMapUITests;
			productName = HospitalMapUITests;
			productReference = A13623C72625753900C8B22D /* HospitalMapUITests.xctest */;
			productType = "com.apple.product-type.bundle.ui-testing";
		};
/* End PBXNativeTarget section */

/* Begin PBXProject section */
		A136239E2625753500C8B22D /* Project object */ = {
			isa = PBXProject;
			attributes = {
				LastSwiftUpdateCheck = 1240;
				LastUpgradeCheck = 1240;
				TargetAttributes = {
					A13623A52625753500C8B22D = {
						CreatedOnToolsVersion = 12.4;
					};
					A13623BB2625753900C8B22D = {
						CreatedOnToolsVersion = 12.4;
						TestTargetID = A13623A52625753500C8B22D;
					};
					A13623C62625753900C8B22D = {
						CreatedOnToolsVersion = 12.4;
						TestTargetID = A13623A52625753500C8B22D;
					};
				};
			};
			buildConfigurationList = A13623A12625753500C8B22D /* Build configuration list for PBXProject "HospitalMap" */;
			compatibilityVersion = "Xcode 9.3";
			developmentRegion = en;
			hasScannedForEncodings = 0;
			knownRegions = (
				en,
				Base,
			);
			mainGroup = A136239D2625753500C8B22D;
			productRefGroup = A13623A72625753500C8B22D /* Products */;
			projectDirPath = "";
			projectRoot = "";
			targets = (
				A13623A52625753500C8B22D /* HospitalMap */,
				A13623BB2625753900C8B22D /* HospitalMapTests */,
				A13623C62625753900C8B22D /* HospitalMapUITests */,
			);
		};
/* End PBXProject section */

/* Begin PBXResourcesBuildPhase section */
		A13623A42625753500C8B22D /* Resources */ = {
			isa = PBXResourcesBuildPhase;
			buildActionMask = 2147483647;
			files = (
				A13623B62625753900C8B22D /* LaunchScreen.storyboard in Resources */,
				A13623B32625753900C8B22D /* Assets.xcassets in Resources */,
				A13623B12625753500C8B22D /* Main.storyboard in Resources */,
			);
			runOnlyForDeploymentPostprocessing = 0;
		};
		A13623BA2625753900C8B22D /* Resources */ = {
			isa = PBXResourcesBuildPhase;
			buildActionMask = 2147483647;
			files = (
			);
			runOnlyForDeploymentPostprocessing = 0;
		};
		A13623C52625753900C8B22D /* Resources */ = {
			isa = PBXResourcesBuildPhase;
			buildActionMask = 2147483647;
			files = (
			);
			runOnlyForDeploymentPostprocessing = 0;
		};
/* End PBXResourcesBuildPhase section */

/* Begin PBXSourcesBuildPhase section */
		A13623A22625753500C8B22D /* Sources */ = {
			isa = PBXSourcesBuildPhase;
			buildActionMask = 2147483647;
			files = (
				A13623AE2625753500C8B22D /* ViewController.swift in Sources */,
				A13623DD262575FD00C8B22D /* HospitalTableViewController.swift in Sources */,
				A13623AA2625753500C8B22D /* AppDelegate.swift in Sources */,
				A13623E2262576EB00C8B22D /* MapViewController.swift in Sources */,
				A1585A0E262C797B00504CAE /* DetailHospitalTableViewController.swift in Sources */,
				A13623AC2625753500C8B22D /* SceneDelegate.swift in Sources */,
				A13623E7262580A400C8B22D /* Hospital.swift in Sources */,
			);
			runOnlyForDeploymentPostprocessing = 0;
		};
		A13623B82625753900C8B22D /* Sources */ = {
			isa = PBXSourcesBuildPhase;
			buildActionMask = 2147483647;
			files = (
				A13623C12625753900C8B22D /* HospitalMapTests.swift in Sources */,
			);
			runOnlyForDeploymentPostprocessing = 0;
		};
		A13623C32625753900C8B22D /* Sources */ = {
			isa = PBXSourcesBuildPhase;
			buildActionMask = 2147483647;
			files = (
				A13623CC2625753900C8B22D /* HospitalMapUITests.swift in Sources */,
			);
			runOnlyForDeploymentPostprocessing = 0;
		};
/* End PBXSourcesBuildPhase section */

/* Begin PBXTargetDependency section */
		A13623BE2625753900C8B22D /* PBXTargetDependency */ = {
			isa = PBXTargetDependency;
			target = A13623A52625753500C8B22D /* HospitalMap */;
			targetProxy = A13623BD2625753900C8B22D /* PBXContainerItemProxy */;
		};
		A13623C92625753900C8B22D /* PBXTargetDependency */ = {
			isa = PBXTargetDependency;
			target = A13623A52625753500C8B22D /* HospitalMap */;
			targetProxy = A13623C82625753900C8B22D /* PBXContainerItemProxy */;
		};
/* End PBXTargetDependency section */

/* Begin PBXVariantGroup section */
		A13623AF2625753500C8B22D /* Main.storyboard */ = {
			isa = PBXVariantGroup;
			children = (
				A13623B02625753500C8B22D /* Base */,
			);
			name = Main.storyboard;
			sourceTree = "<group>";
		};
		A13623B42625753900C8B22D /* LaunchScreen.storyboard */ = {
			isa = PBXVariantGroup;
			children = (
				A13623B52625753900C8B22D /* Base */,
			);
			name = LaunchScreen.storyboard;
			sourceTree = "<group>";
		};
/* End PBXVariantGroup section */

/* Begin XCBuildConfiguration section */
		A13623CE2625753900C8B22D /* Debug */ = {
			isa = XCBuildConfiguration;
			buildSettings = {
				ALWAYS_SEARCH_USER_PATHS = NO;
				CLANG_ANALYZER_NONNULL = YES;
				CLANG_ANALYZER_NUMBER_OBJECT_CONVERSION = YES_AGGRESSIVE;
				CLANG_CXX_LANGUAGE_STANDARD = "gnu++14";
				CLANG_CXX_LIBRARY = "libc++";
				CLANG_ENABLE_MODULES = YES;
				CLANG_ENABLE_OBJC_ARC = YES;
				CLANG_ENABLE_OBJC_WEAK = YES;
				CLANG_WARN_BLOCK_CAPTURE_AUTORELEASING = YES;
				CLANG_WARN_BOOL_CONVERSION = YES;
				CLANG_WARN_COMMA = YES;
				CLANG_WARN_CONSTANT_CONVERSION = YES;
				CLANG_WARN_DEPRECATED_OBJC_IMPLEMENTATIONS = YES;
				CLANG_WARN_DIRECT_OBJC_ISA_USAGE = YES_ERROR;
				CLANG_WARN_DOCUMENTATION_COMMENTS = YES;
				CLANG_WARN_EMPTY_BODY = YES;
				CLANG_WARN_ENUM_CONVERSION = YES;
				CLANG_WARN_INFINITE_RECURSION = YES;
				CLANG_WARN_INT_CONVERSION = YES;
				CLANG_WARN_NON_LITERAL_NULL_CONVERSION = YES;
				CLANG_WARN_OBJC_IMPLICIT_RETAIN_SELF = YES;
				CLANG_WARN_OBJC_LITERAL_CONVERSION = YES;
				CLANG_WARN_OBJC_ROOT_CLASS = YES_ERROR;
				CLANG_WARN_QUOTED_INCLUDE_IN_FRAMEWORK_HEADER = YES;
				CLANG_WARN_RANGE_LOOP_ANALYSIS = YES;
				CLANG_WARN_STRICT_PROTOTYPES = YES;
				CLANG_WARN_SUSPICIOUS_MOVE = YES;
				CLANG_WARN_UNGUARDED_AVAILABILITY = YES_AGGRESSIVE;
				CLANG_WARN_UNREACHABLE_CODE = YES;
				CLANG_WARN__DUPLICATE_METHOD_MATCH = YES;
				COPY_PHASE_STRIP = NO;
				DEBUG_INFORMATION_FORMAT = dwarf;
				ENABLE_STRICT_OBJC_MSGSEND = YES;
				ENABLE_TESTABILITY = YES;
				GCC_C_LANGUAGE_STANDARD = gnu11;
				GCC_DYNAMIC_NO_PIC = NO;
				GCC_NO_COMMON_BLOCKS = YES;
				GCC_OPTIMIZATION_LEVEL = 0;
				GCC_PREPROCESSOR_DEFINITIONS = (
					"DEBUG=1",
					"$(inherited)",
				);
				GCC_WARN_64_TO_32_BIT_CONVERSION = YES;
				GCC_WARN_ABOUT_RETURN_TYPE = YES_ERROR;
				GCC_WARN_UNDECLARED_SELECTOR = YES;
				GCC_WARN_UNINITIALIZED_AUTOS = YES_AGGRESSIVE;
				GCC_WARN_UNUSED_FUNCTION = YES;
				GCC_WARN_UNUSED_VARIABLE = YES;
				IPHONEOS_DEPLOYMENT_TARGET = 14.4;
				MTL_ENABLE_DEBUG_INFO = INCLUDE_SOURCE;
				MTL_FAST_MATH = YES;
				ONLY_ACTIVE_ARCH = YES;
				SDKROOT = iphoneos;
				SWIFT_ACTIVE_COMPILATION_CONDITIONS = DEBUG;
				SWIFT_OPTIMIZATION_LEVEL = "-Onone";
			};
			name = Debug;
		};
		A13623CF2625753900C8B22D /* Release */ = {
			isa = XCBuildConfiguration;
			buildSettings = {
				ALWAYS_SEARCH_USER_PATHS = NO;
				CLANG_ANALYZER_NONNULL = YES;
				CLANG_ANALYZER_NUMBER_OBJECT_CONVERSION = YES_AGGRESSIVE;
				CLANG_CXX_LANGUAGE_STANDARD = "gnu++14";
				CLANG_CXX_LIBRARY = "libc++";
				CLANG_ENABLE_MODULES = YES;
				CLANG_ENABLE_OBJC_ARC = YES;
				CLANG_ENABLE_OBJC_WEAK = YES;
				CLANG_WARN_BLOCK_CAPTURE_AUTORELEASING = YES;
				CLANG_WARN_BOOL_CONVERSION = YES;
				CLANG_WARN_COMMA = YES;
				CLANG_WARN_CONSTANT_CONVERSION = YES;
				CLANG_WARN_DEPRECATED_OBJC_IMPLEMENTATIONS = YES;
				CLANG_WARN_DIRECT_OBJC_ISA_USAGE = YES_ERROR;
				CLANG_WARN_DOCUMENTATION_COMMENTS = YES;
				CLANG_WARN_EMPTY_BODY = YES;
				CLANG_WARN_ENUM_CONVERSION = YES;
				CLANG_WARN_INFINITE_RECURSION = YES;
				CLANG_WARN_INT_CONVERSION = YES;
				CLANG_WARN_NON_LITERAL_NULL_CONVERSION = YES;
				CLANG_WARN_OBJC_IMPLICIT_RETAIN_SELF = YES;
				CLANG_WARN_OBJC_LITERAL_CONVERSION = YES;
				CLANG_WARN_OBJC_ROOT_CLASS = YES_ERROR;
				CLANG_WARN_QUOTED_INCLUDE_IN_FRAMEWORK_HEADER = YES;
				CLANG_WARN_RANGE_LOOP_ANALYSIS = YES;
				CLANG_WARN_STRICT_PROTOTYPES = YES;
				CLANG_WARN_SUSPICIOUS_MOVE = YES;
				CLANG_WARN_UNGUARDED_AVAILABILITY = YES_AGGRESSIVE;
				CLANG_WARN_UNREACHABLE_CODE = YES;
				CLANG_WARN__DUPLICATE_METHOD_MATCH = YES;
				COPY_PHASE_STRIP = NO;
				DEBUG_INFORMATION_FORMAT = "dwarf-with-dsym";
				ENABLE_NS_ASSERTIONS = NO;
				ENABLE_STRICT_OBJC_MSGSEND = YES;
				GCC_C_LANGUAGE_STANDARD = gnu11;
				GCC_NO_COMMON_BLOCKS = YES;
				GCC_WARN_64_TO_32_BIT_CONVERSION = YES;
				GCC_WARN_ABOUT_RETURN_TYPE = YES_ERROR;
				GCC_WARN_UNDECLARED_SELECTOR = YES;
				GCC_WARN_UNINITIALIZED_AUTOS = YES_AGGRESSIVE;
				GCC_WARN_UNUSED_FUNCTION = YES;
				GCC_WARN_UNUSED_VARIABLE = YES;
				IPHONEOS_DEPLOYMENT_TARGET = 14.4;
				MTL_ENABLE_DEBUG_INFO = NO;
				MTL_FAST_MATH = YES;
				SDKROOT = iphoneos;
				SWIFT_COMPILATION_MODE = wholemodule;
				SWIFT_OPTIMIZATION_LEVEL = "-O";
				VALIDATE_PRODUCT = YES;
			};
			name = Release;
		};
		A13623D12625753900C8B22D /* Debug */ = {
			isa = XCBuildConfiguration;
			buildSettings = {
				ASSETCATALOG_COMPILER_APPICON_NAME = AppIcon;
				ASSETCATALOG_COMPILER_GLOBAL_ACCENT_COLOR_NAME = AccentColor;
				CODE_SIGN_STYLE = Automatic;
				DEVELOPMENT_TEAM = BR269VDCA3;
				INFOPLIST_FILE = HospitalMap/Info.plist;
				LD_RUNPATH_SEARCH_PATHS = (
					"$(inherited)",
					"@executable_path/Frameworks",
				);
				PRODUCT_BUNDLE_IDENTIFIER = dongnyeonkim.SGPclass.HospitalMap;
				PRODUCT_NAME = "$(TARGET_NAME)";
				SWIFT_VERSION = 5.0;
				TARGETED_DEVICE_FAMILY = "1,2";
			};
			name = Debug;
		};
		A13623D22625753900C8B22D /* Release */ = {
			isa = XCBuildConfiguration;
			buildSettings = {
				ASSETCATALOG_COMPILER_APPICON_NAME = AppIcon;
				ASSETCATALOG_COMPILER_GLOBAL_ACCENT_COLOR_NAME = AccentColor;
				CODE_SIGN_STYLE = Automatic;
				DEVELOPMENT_TEAM = BR269VDCA3;
				INFOPLIST_FILE = HospitalMap/Info.plist;
				LD_RUNPATH_SEARCH_PATHS = (
					"$(inherited)",
					"@executable_path/Frameworks",
				);
				PRODUCT_BUNDLE_IDENTIFIER = dongnyeonkim.SGPclass.HospitalMap;
				PRODUCT_NAME = "$(TARGET_NAME)";
				SWIFT_VERSION = 5.0;
				TARGETED_DEVICE_FAMILY = "1,2";
			};
			name = Release;
		};
		A13623D42625753900C8B22D /* Debug */ = {
			isa = XCBuildConfiguration;
			buildSettings = {
				ALWAYS_EMBED_SWIFT_STANDARD_LIBRARIES = YES;
				BUNDLE_LOADER = "$(TEST_HOST)";
				CODE_SIGN_STYLE = Automatic;
				DEVELOPMENT_TEAM = BR269VDCA3;
				INFOPLIST_FILE = HospitalMapTests/Info.plist;
				IPHONEOS_DEPLOYMENT_TARGET = 14.4;
				LD_RUNPATH_SEARCH_PATHS = (
					"$(inherited)",
					"@executable_path/Frameworks",
					"@loader_path/Frameworks",
				);
				PRODUCT_BUNDLE_IDENTIFIER = dongnyeonkim.SGPclass.HospitalMapTests;
				PRODUCT_NAME = "$(TARGET_NAME)";
				SWIFT_VERSION = 5.0;
				TARGETED_DEVICE_FAMILY = "1,2";
				TEST_HOST = "$(BUILT_PRODUCTS_DIR)/HospitalMap.app/HospitalMap";
			};
			name = Debug;
		};
		A13623D52625753900C8B22D /* Release */ = {
			isa = XCBuildConfiguration;
			buildSettings = {
				ALWAYS_EMBED_SWIFT_STANDARD_LIBRARIES = YES;
				BUNDLE_LOADER = "$(TEST_HOST)";
				CODE_SIGN_STYLE = Automatic;
				DEVELOPMENT_TEAM = BR269VDCA3;
				INFOPLIST_FILE = HospitalMapTests/Info.plist;
				IPHONEOS_DEPLOYMENT_TARGET = 14.4;
				LD_RUNPATH_SEARCH_PATHS = (
					"$(inherited)",
					"@executable_path/Frameworks",
					"@loader_path/Frameworks",
				);
				PRODUCT_BUNDLE_IDENTIFIER = dongnyeonkim.SGPclass.HospitalMapTests;
				PRODUCT_NAME = "$(TARGET_NAME)";
				SWIFT_VERSION = 5.0;
				TARGETED_DEVICE_FAMILY = "1,2";
				TEST_HOST = "$(BUILT_PRODUCTS_DIR)/HospitalMap.app/HospitalMap";
			};
			name = Release;
		};
		A13623D72625753900C8B22D /* Debug */ = {
			isa = XCBuildConfiguration;
			buildSettings = {
				ALWAYS_EMBED_SWIFT_STANDARD_LIBRARIES = YES;
				CODE_SIGN_STYLE = Automatic;
				DEVELOPMENT_TEAM = BR269VDCA3;
				INFOPLIST_FILE = HospitalMapUITests/Info.plist;
				LD_RUNPATH_SEARCH_PATHS = (
					"$(inherited)",
					"@executable_path/Frameworks",
					"@loader_path/Frameworks",
				);
				PRODUCT_BUNDLE_IDENTIFIER = dongnyeonkim.SGPclass.HospitalMapUITests;
				PRODUCT_NAME = "$(TARGET_NAME)";
				SWIFT_VERSION = 5.0;
				TARGETED_DEVICE_FAMILY = "1,2";
				TEST_TARGET_NAME = HospitalMap;
			};
			name = Debug;
		};
		A13623D82625753900C8B22D /* Release */ = {
			isa = XCBuildConfiguration;
			buildSettings = {
				ALWAYS_EMBED_SWIFT_STANDARD_LIBRARIES = YES;
				CODE_SIGN_STYLE = Automatic;
				DEVELOPMENT_TEAM = BR269VDCA3;
				INFOPLIST_FILE = HospitalMapUITests/Info.plist;
				LD_RUNPATH_SEARCH_PATHS = (
					"$(inherited)",
					"@executable_path/Frameworks",
					"@loader_path/Frameworks",
				);
				PRODUCT_BUNDLE_IDENTIFIER = dongnyeonkim.SGPclass.HospitalMapUITests;
				PRODUCT_NAME = "$(TARGET_NAME)";
				SWIFT_VERSION = 5.0;
				TARGETED_DEVICE_FAMILY = "1,2";
				TEST_TARGET_NAME = HospitalMap;
			};
			name = Release;
		};
/* End XCBuildConfiguration section */

/* Begin XCConfigurationList section */
		A13623A12625753500C8B22D /* Build configuration list for PBXProject "HospitalMap" */ = {
			isa = XCConfigurationList;
			buildConfigurations = (
				A13623CE2625753900C8B22D /* Debug */,
				A13623CF2625753900C8B22D /* Release */,
			);
			defaultConfigurationIsVisible = 0;
			defaultConfigurationName = Release;
		};
		A13623D02625753900C8B22D /* Build configuration list for PBXNativeTarget "HospitalMap" */ = {
			isa = XCConfigurationList;
			buildConfigurations = (
				A13623D12625753900C8B22D /* Debug */,
				A13623D22625753900C8B22D /* Release */,
			);
			defaultConfigurationIsVisible = 0;
			defaultConfigurationName = Release;
		};
		A13623D32625753900C8B22D /* Build configuration list for PBXNativeTarget "HospitalMapTests" */ = {
			isa = XCConfigurationList;
			buildConfigurations = (
				A13623D42625753900C8B22D /* Debug */,
				A13623D52625753900C8B22D /* Release */,
			);
			defaultConfigurationIsVisible = 0;
			defaultConfigurationName = Release;
		};
		A13623D62625753900C8B22D /* Build configuration list for PBXNativeTarget "HospitalMapUITests" */ = {
			isa = XCConfigurationList;
			buildConfigurations = (
				A13623D72625753900C8B22D /* Debug */,
				A13623D82625753900C8B22D /* Release */,
			);
			defaultConfigurationIsVisible = 0;
			defaultConfigurationName = Release;
		};
/* End XCConfigurationList section */
	};
	rootObject = A136239E2625753500C8B22D /* Project object */;
}
